
Microsoft Visual Studio Solution File, Format Version 12.00
# Visual Studio Version 16
VisualStudioVersion = 16.0.33927.289
MinimumVisualStudioVersion = 10.0.40219.1
Project("{FAE04EC0-301F-11D3-BF4B-00C04F79EFBC}") = "Recursion", "Recursion\Recursion.csproj", "{EF97ED93-66CA-4768-8A36-59FC8D5474A4}"
EndProject
Global
	GlobalSection(SolutionConfigurationPlatforms) = preSolution
		Debug|Any CPU = Debug|Any CPU
		Release|Any CPU = Release|Any CPU
	EndGlobalSection
	GlobalSection(ProjectConfigurationPlatforms) = postSolution
		{EF97ED93-66CA-4768-8A36-59FC8D5474A4}.Debug|Any CPU.ActiveCfg = Debug|Any CPU
		{EF97ED93-66CA-4768-8A36-59FC8D5474A4}.Debug|Any CPU.Build.0 = Debug|Any CPU
		{EF97ED93-66CA-4768-8A36-59FC8D5474A4}.Release|Any CPU.ActiveCfg = Release|Any CPU
		{EF97ED93-66CA-4768-8A36-59FC8D5474A4}.Release|Any CPU.Build.0 = Release|Any CPU
	EndGlobalSection
	GlobalSection(SolutionProperties) = preSolution
		HideSolutionNode = FALSE
	EndGlobalSection
	GlobalSection(ExtensibilityGlobals) = postSolution
		SolutionGuid = {343C12E9-37CF-4BDF-B342-1482EF1B9ADA}
	EndGlobalSection
EndGlobal
